
Microsoft Visual Studio Solution File, Format Version 12.00
# Visual Studio Version 17
VisualStudioVersion = 17.14.36202.13
MinimumVisualStudioVersion = 10.0.40219.1
Project("{FAE04EC0-301F-11D3-BF4B-00C04F79EFBC}") = "FlaUILibTest", "FlaUILibTest\FlaUILibTest.csproj", "{1D01B718-3116-432C-A00E-6D3164F0B071}"
EndProject
Project("{FAE04EC0-301F-11D3-BF4B-00C04F79EFBC}") = "UIDriver", "UIDriver\UIDriver.csproj", "{D99D005C-8A4A-4A90-A5D2-0D6A807A0A9A}"
EndProject
Global
	GlobalSection(SolutionConfigurationPlatforms) = preSolution
		Debug|Any CPU = Debug|Any CPU
		Debug|x64 = Debug|x64
		Debug|x86 = Debug|x86
		Release|Any CPU = Release|Any CPU
		Release|x64 = Release|x64
		Release|x86 = Release|x86
	EndGlobalSection
	GlobalSection(ProjectConfigurationPlatforms) = postSolution
		{1D01B718-3116-432C-A00E-6D3164F0B071}.Debug|Any CPU.ActiveCfg = Debug|Any CPU
		{1D01B718-3116-432C-A00E-6D3164F0B071}.Debug|Any CPU.Build.0 = Debug|Any CPU
		{1D01B718-3116-432C-A00E-6D3164F0B071}.Debug|x64.ActiveCfg = Debug|Any CPU
		{1D01B718-3116-432C-A00E-6D3164F0B071}.Debug|x64.Build.0 = Debug|Any CPU
		{1D01B718-3116-432C-A00E-6D3164F0B071}.Debug|x86.ActiveCfg = Debug|Any CPU
		{1D01B718-3116-432C-A00E-6D3164F0B071}.Debug|x86.Build.0 = Debug|Any CPU
		{1D01B718-3116-432C-A00E-6D3164F0B071}.Release|Any CPU.ActiveCfg = Release|Any CPU
		{1D01B718-3116-432C-A00E-6D3164F0B071}.Release|Any CPU.Build.0 = Release|Any CPU
		{1D01B718-3116-432C-A00E-6D3164F0B071}.Release|x64.ActiveCfg = Release|Any CPU
		{1D01B718-3116-432C-A00E-6D3164F0B071}.Release|x64.Build.0 = Release|Any CPU
		{1D01B718-3116-432C-A00E-6D3164F0B071}.Release|x86.ActiveCfg = Release|Any CPU
		{1D01B718-3116-432C-A00E-6D3164F0B071}.Release|x86.Build.0 = Release|Any CPU
		{D99D005C-8A4A-4A90-A5D2-0D6A807A0A9A}.Debug|Any CPU.ActiveCfg = Debug|Any CPU
		{D99D005C-8A4A-4A90-A5D2-0D6A807A0A9A}.Debug|Any CPU.Build.0 = Debug|Any CPU
		{D99D005C-8A4A-4A90-A5D2-0D6A807A0A9A}.Debug|x64.ActiveCfg = Debug|Any CPU
		{D99D005C-8A4A-4A90-A5D2-0D6A807A0A9A}.Debug|x64.Build.0 = Debug|Any CPU
		{D99D005C-8A4A-4A90-A5D2-0D6A807A0A9A}.Debug|x86.ActiveCfg = Debug|Any CPU
		{D99D005C-8A4A-4A90-A5D2-0D6A807A0A9A}.Debug|x86.Build.0 = Debug|Any CPU
		{D99D005C-8A4A-4A90-A5D2-0D6A807A0A9A}.Release|Any CPU.ActiveCfg = Release|Any CPU
		{D99D005C-8A4A-4A90-A5D2-0D6A807A0A9A}.Release|Any CPU.Build.0 = Release|Any CPU
		{D99D005C-8A4A-4A90-A5D2-0D6A807A0A9A}.Release|x64.ActiveCfg = Release|Any CPU
		{D99D005C-8A4A-4A90-A5D2-0D6A807A0A9A}.Release|x64.Build.0 = Release|Any CPU
		{D99D005C-8A4A-4A90-A5D2-0D6A807A0A9A}.Release|x86.ActiveCfg = Release|Any CPU
		{D99D005C-8A4A-4A90-A5D2-0D6A807A0A9A}.Release|x86.Build.0 = Release|Any CPU
	EndGlobalSection
	GlobalSection(SolutionProperties) = preSolution
		HideSolutionNode = FALSE
	EndGlobalSection
	GlobalSection(ExtensibilityGlobals) = postSolution
		SolutionGuid = {41E29AA9-C11F-40FF-AF6A-3D9A96418BE5}
	EndGlobalSection
EndGlobal
